
Microsoft Visual Studio Solution File, Format Version 12.00
# Visual Studio 14
VisualStudioVersion = 14.0.25420.1
MinimumVisualStudioVersion = 10.0.40219.1
Project("{FAE04EC0-301F-11D3-BF4B-00C04F79EFBC}") = "azure_bot_1", "azure_bot_1\azure_bot_1.csproj", "{31803958-AAC3-4AD5-B417-773FFD434352}"
EndProject
Global
	GlobalSection(SolutionConfigurationPlatforms) = preSolution
		Debug|Any CPU = Debug|Any CPU
		Release|Any CPU = Release|Any CPU
	EndGlobalSection
	GlobalSection(ProjectConfigurationPlatforms) = postSolution
		{31803958-AAC3-4AD5-B417-773FFD434352}.Debug|Any CPU.ActiveCfg = Debug|Any CPU
		{31803958-AAC3-4AD5-B417-773FFD434352}.Debug|Any CPU.Build.0 = Debug|Any CPU
		{31803958-AAC3-4AD5-B417-773FFD434352}.Release|Any CPU.ActiveCfg = Release|Any CPU
		{31803958-AAC3-4AD5-B417-773FFD434352}.Release|Any CPU.Build.0 = Release|Any CPU
	EndGlobalSection
	GlobalSection(SolutionProperties) = preSolution
		HideSolutionNode = FALSE
	EndGlobalSection
EndGlobal
